{
  "originHash" : "f7e1a9fc0ba02d01b5f3257498ad9268dd2f32435f6b1784b5f4f1292a534038",
  "pins" : [
    {
      "identity" : "swipy",
      "kind" : "remoteSourceControl",
      "location" : "https://github.com/rohanrhu/Swipy",
      "state" : {
        "revision" : "1a4309ab7eaa2890e8240133c9126708a7cd71d6",
        "version" : "1.2.1"
      }
    }
  ],
  "version" : 3
}
